{
    "_readme": [
        "This file locks the dependencies of your project to a known state",
        "Read more about it at https://getcomposer.org/doc/01-basic-usage.md#composer-lock-the-lock-file",
        "This file is @generated automatically"
    ],
    "hash": "3b1eb58f315c1d547c54252af12216a0",
    "content-hash": "033b88bf618097818a2471056b97db60",
    "packages": [],
    "packages-dev": [],
    "aliases": [],
    "minimum-stability": "stable",
    "stability-flags": [],
    "prefer-stable": false,
    "prefer-lowest": false,
    "platform": {
        "php": ">=5.6.4",
        "ext-mbstring": "*",
        "ext-openssl": "*"
    },
    "platform-dev": []
}
